// !$*UTF8*$!
{
	archiveVersion = 1;
	classes = {
	};
	objectVersion = 46;
	objects = {

/* Begin PBXBuildFile section */
		209627AB1ADA9D5C00C5B876 /* CoreLocation.framework in Frameworks */ = {isa = PBXBuildFile; fileRef = 209627AA1ADA9D5C00C5B876 /* CoreLocation.framework */; };
		20B6EE4E1AB5B79200F67CBA /* main.m in Sources */ = {isa = PBXBuildFile; fileRef = 20B6EE4D1AB5B79200F67CBA /* main.m */; };
		20B6EE511AB5B79200F67CBA /* AppDelegate.m in Sources */ = {isa = PBXBuildFile; fileRef = 20B6EE501AB5B79200F67CBA /* AppDelegate.m */; };
		20B6EE531AB5B79200F67CBA /* Images.xcassets in Resources */ = {isa = PBXBuildFile; fileRef = 20B6EE521AB5B79200F67CBA /* Images.xcassets */; };
		20B6EE561AB5B79200F67CBA /* LaunchScreen.xib in Resources */ = {isa = PBXBuildFile; fileRef = 20B6EE541AB5B79200F67CBA /* LaunchScreen.xib */; };
		20B6EE621AB5B79300F67CBA /* TheMachineTests.m in Sources */ = {isa = PBXBuildFile; fileRef = 20B6EE611AB5B79300F67CBA /* TheMachineTests.m */; };
		20B6EE6E1AB5B90500F67CBA /* TMDataViewController.m in Sources */ = {isa = PBXBuildFile; fileRef = 20B6EE6C1AB5B90500F67CBA /* TMDataViewController.m */; };
		20B6EE6F1AB5B90500F67CBA /* TMDataViewController.xib in Resources */ = {isa = PBXBuildFile; fileRef = 20B6EE6D1AB5B90500F67CBA /* TMDataViewController.xib */; };
		20B6EE731AB5CAE700F67CBA /* TMPredictViewController.m in Sources */ = {isa = PBXBuildFile; fileRef = 20B6EE711AB5CAE700F67CBA /* TMPredictViewController.m */; };
		20B6EE741AB5CAE700F67CBA /* TMPredictViewController.xib in Resources */ = {isa = PBXBuildFile; fileRef = 20B6EE721AB5CAE700F67CBA /* TMPredictViewController.xib */; };
		20CA4EAB1AC7A4EB00C27EE7 /* ConfigViewController.m in Sources */ = {isa = PBXBuildFile; fileRef = 20CA4EA91AC7A4EB00C27EE7 /* ConfigViewController.m */; };
		20CA4EAC1AC7A4EB00C27EE7 /* ConfigViewController.xib in Resources */ = {isa = PBXBuildFile; fileRef = 20CA4EAA1AC7A4EB00C27EE7 /* ConfigViewController.xib */; };
		20CA4EAF1AC7C8E100C27EE7 /* NeuralConfig.m in Sources */ = {isa = PBXBuildFile; fileRef = 20CA4EAE1AC7C8E100C27EE7 /* NeuralConfig.m */; };
		20CA4EB21AC83B1F00C27EE7 /* NeuralNetwork.m in Sources */ = {isa = PBXBuildFile; fileRef = 20CA4EB11AC83B1F00C27EE7 /* NeuralNetwork.m */; };
		20CA4EB61AC9A6F900C27EE7 /* fly@2x.png in Resources */ = {isa = PBXBuildFile; fileRef = 20CA4EB31AC9A6F900C27EE7 /* fly@2x.png */; };
		20CA4EB71AC9A6F900C27EE7 /* load@2x.png in Resources */ = {isa = PBXBuildFile; fileRef = 20CA4EB41AC9A6F900C27EE7 /* load@2x.png */; };
		20CA4EB81AC9A6F900C27EE7 /* set@2x.png in Resources */ = {isa = PBXBuildFile; fileRef = 20CA4EB51AC9A6F900C27EE7 /* set@2x.png */; };
/* End PBXBuildFile section */

/* Begin PBXContainerItemProxy section */
		20B6EE5C1AB5B79200F67CBA /* PBXContainerItemProxy */ = {
			isa = PBXContainerItemProxy;
			containerPortal = 20B6EE401AB5B79200F67CBA /* Project object */;
			proxyType = 1;
			remoteGlobalIDString = 20B6EE471AB5B79200F67CBA;
			remoteInfo = TheMachine;
		};
/* End PBXContainerItemProxy section */

/* Begin PBXFileReference section */
		209627AA1ADA9D5C00C5B876 /* CoreLocation.framework */ = {isa = PBXFileReference; lastKnownFileType = wrapper.framework; name = CoreLocation.framework; path = System/Library/Frameworks/CoreLocation.framework; sourceTree = SDKROOT; };
		20B6EE481AB5B79200F67CBA /* TheMachine.app */ = {isa = PBXFileReference; explicitFileType = wrapper.application; includeInIndex = 0; path = TheMachine.app; sourceTree = BUILT_PRODUCTS_DIR; };
		20B6EE4C1AB5B79200F67CBA /* Info.plist */ = {isa = PBXFileReference; lastKnownFileType = text.plist.xml; path = Info.plist; sourceTree = "<group>"; };
		20B6EE4D1AB5B79200F67CBA /* main.m */ = {isa = PBXFileReference; lastKnownFileType = sourcecode.c.objc; path = main.m; sourceTree = "<group>"; };
		20B6EE4F1AB5B79200F67CBA /* AppDelegate.h */ = {isa = PBXFileReference; lastKnownFileType = sourcecode.c.h; path = AppDelegate.h; sourceTree = "<group>"; };
		20B6EE501AB5B79200F67CBA /* AppDelegate.m */ = {isa = PBXFileReference; lastKnownFileType = sourcecode.c.objc; path = AppDelegate.m; sourceTree = "<group>"; };
		20B6EE521AB5B79200F67CBA /* Images.xcassets */ = {isa = PBXFileReference; lastKnownFileType = folder.assetcatalog; path = Images.xcassets; sourceTree = "<group>"; };
		20B6EE551AB5B79200F67CBA /* Base */ = {isa = PBXFileReference; lastKnownFileType = file.xib; name = Base; path = Base.lproj/LaunchScreen.xib; sourceTree = "<group>"; };
		20B6EE5B1AB5B79200F67CBA /* TheMachineTests.xctest */ = {isa = PBXFileReference; explicitFileType = wrapper.cfbundle; includeInIndex = 0; path = TheMachineTests.xctest; sourceTree = BUILT_PRODUCTS_DIR; };
		20B6EE601AB5B79200F67CBA /* Info.plist */ = {isa = PBXFileReference; lastKnownFileType = text.plist.xml; path = Info.plist; sourceTree = "<group>"; };
		20B6EE611AB5B79300F67CBA /* TheMachineTests.m */ = {isa = PBXFileReference; lastKnownFileType = sourcecode.c.objc; path = TheMachineTests.m; sourceTree = "<group>"; };
		20B6EE6B1AB5B90500F67CBA /* TMDataViewController.h */ = {isa = PBXFileReference; fileEncoding = 4; lastKnownFileType = sourcecode.c.h; path = TMDataViewController.h; sourceTree = "<group>"; };
		20B6EE6C1AB5B90500F67CBA /* TMDataViewController.m */ = {isa = PBXFileReference; fileEncoding = 4; lastKnownFileType = sourcecode.c.objc; path = TMDataViewController.m; sourceTree = "<group>"; };
		20B6EE6D1AB5B90500F67CBA /* TMDataViewController.xib */ = {isa = PBXFileReference; fileEncoding = 4; lastKnownFileType = file.xib; path = TMDataViewController.xib; sourceTree = "<group>"; };
		20B6EE701AB5CAE700F67CBA /* TMPredictViewController.h */ = {isa = PBXFileReference; fileEncoding = 4; lastKnownFileType = sourcecode.c.h; path = TMPredictViewController.h; sourceTree = "<group>"; };
		20B6EE711AB5CAE700F67CBA /* TMPredictViewController.m */ = {isa = PBXFileReference; fileEncoding = 4; lastKnownFileType = sourcecode.c.objc; path = TMPredictViewController.m; sourceTree = "<group>"; };
		20B6EE721AB5CAE700F67CBA /* TMPredictViewController.xib */ = {isa = PBXFileReference; fileEncoding = 4; lastKnownFileType = file.xib; path = TMPredictViewController.xib; sourceTree = "<group>"; };
		20CA4EA81AC7A4EB00C27EE7 /* ConfigViewController.h */ = {isa = PBXFileReference; fileEncoding = 4; lastKnownFileType = sourcecode.c.h; path = ConfigViewController.h; sourceTree = "<group>"; };
		20CA4EA91AC7A4EB00C27EE7 /* ConfigViewController.m */ = {isa = PBXFileReference; fileEncoding = 4; lastKnownFileType = sourcecode.c.objc; path = ConfigViewController.m; sourceTree = "<group>"; };
		20CA4EAA1AC7A4EB00C27EE7 /* ConfigViewController.xib */ = {isa = PBXFileReference; fileEncoding = 4; lastKnownFileType = file.xib; path = ConfigViewController.xib; sourceTree = "<group>"; };
		20CA4EAD1AC7C8E100C27EE7 /* NeuralConfig.h */ = {isa = PBXFileReference; fileEncoding = 4; lastKnownFileType = sourcecode.c.h; path = NeuralConfig.h; sourceTree = "<group>"; };
		20CA4EAE1AC7C8E100C27EE7 /* NeuralConfig.m */ = {isa = PBXFileReference; fileEncoding = 4; lastKnownFileType = sourcecode.c.objc; path = NeuralConfig.m; sourceTree = "<group>"; };
		20CA4EB01AC83B1F00C27EE7 /* NeuralNetwork.h */ = {isa = PBXFileReference; fileEncoding = 4; lastKnownFileType = sourcecode.c.h; path = NeuralNetwork.h; sourceTree = "<group>"; };
		20CA4EB11AC83B1F00C27EE7 /* NeuralNetwork.m */ = {isa = PBXFileReference; fileEncoding = 4; lastKnownFileType = sourcecode.c.objc; path = NeuralNetwork.m; sourceTree = "<group>"; };
		20CA4EB31AC9A6F900C27EE7 /* fly@2x.png */ = {isa = PBXFileReference; lastKnownFileType = image.png; path = "fly@2x.png"; sourceTree = "<group>"; };
		20CA4EB41AC9A6F900C27EE7 /* load@2x.png */ = {isa = PBXFileReference; lastKnownFileType = image.png; path = "load@2x.png"; sourceTree = "<group>"; };
		20CA4EB51AC9A6F900C27EE7 /* set@2x.png */ = {isa = PBXFileReference; lastKnownFileType = image.png; path = "set@2x.png"; sourceTree = "<group>"; };
/* End PBXFileReference section */

/* Begin PBXFrameworksBuildPhase section */
		20B6EE451AB5B79200F67CBA /* Frameworks */ = {
			isa = PBXFrameworksBuildPhase;
			buildActionMask = 2147483647;
			files = (
				209627AB1ADA9D5C00C5B876 /* CoreLocation.framework in Frameworks */,
			);
			runOnlyForDeploymentPostprocessing = 0;
		};
		20B6EE581AB5B79200F67CBA /* Frameworks */ = {
			isa = PBXFrameworksBuildPhase;
			buildActionMask = 2147483647;
			files = (
			);
			runOnlyForDeploymentPostprocessing = 0;
		};
/* End PBXFrameworksBuildPhase section */

/* Begin PBXGroup section */
		20B6EE3F1AB5B79200F67CBA = {
			isa = PBXGroup;
			children = (
				209627AA1ADA9D5C00C5B876 /* CoreLocation.framework */,
				20B6EE4A1AB5B79200F67CBA /* TheMachine */,
				20B6EE5E1AB5B79200F67CBA /* TheMachineTests */,
				20B6EE491AB5B79200F67CBA /* Products */,
			);
			sourceTree = "<group>";
		};
		20B6EE491AB5B79200F67CBA /* Products */ = {
			isa = PBXGroup;
			children = (
				20B6EE481AB5B79200F67CBA /* TheMachine.app */,
				20B6EE5B1AB5B79200F67CBA /* TheMachineTests.xctest */,
			);
			name = Products;
			sourceTree = "<group>";
		};
		20B6EE4A1AB5B79200F67CBA /* TheMachine */ = {
			isa = PBXGroup;
			children = (
				20CA4EB31AC9A6F900C27EE7 /* fly@2x.png */,
				20CA4EB41AC9A6F900C27EE7 /* load@2x.png */,
				20CA4EB51AC9A6F900C27EE7 /* set@2x.png */,
				20B6EE4F1AB5B79200F67CBA /* AppDelegate.h */,
				20B6EE501AB5B79200F67CBA /* AppDelegate.m */,
				20B6EE6B1AB5B90500F67CBA /* TMDataViewController.h */,
				20B6EE6C1AB5B90500F67CBA /* TMDataViewController.m */,
				20B6EE6D1AB5B90500F67CBA /* TMDataViewController.xib */,
				20B6EE701AB5CAE700F67CBA /* TMPredictViewController.h */,
				20B6EE711AB5CAE700F67CBA /* TMPredictViewController.m */,
				20B6EE721AB5CAE700F67CBA /* TMPredictViewController.xib */,
				20CA4EA81AC7A4EB00C27EE7 /* ConfigViewController.h */,
				20CA4EA91AC7A4EB00C27EE7 /* ConfigViewController.m */,
				20CA4EAA1AC7A4EB00C27EE7 /* ConfigViewController.xib */,
				20CA4EAD1AC7C8E100C27EE7 /* NeuralConfig.h */,
				20CA4EB01AC83B1F00C27EE7 /* NeuralNetwork.h */,
				20CA4EB11AC83B1F00C27EE7 /* NeuralNetwork.m */,
				20CA4EAE1AC7C8E100C27EE7 /* NeuralConfig.m */,
				20B6EE521AB5B79200F67CBA /* Images.xcassets */,
				20B6EE541AB5B79200F67CBA /* LaunchScreen.xib */,
				20B6EE4B1AB5B79200F67CBA /* Supporting Files */,
			);
			path = TheMachine;
			sourceTree = "<group>";
		};
		20B6EE4B1AB5B79200F67CBA /* Supporting Files */ = {
			isa = PBXGroup;
			children = (
				20B6EE4C1AB5B79200F67CBA /* Info.plist */,
				20B6EE4D1AB5B79200F67CBA /* main.m */,
			);
			name = "Supporting Files";
			sourceTree = "<group>";
		};
		20B6EE5E1AB5B79200F67CBA /* TheMachineTests */ = {
			isa = PBXGroup;
			children = (
				20B6EE611AB5B79300F67CBA /* TheMachineTests.m */,
				20B6EE5F1AB5B79200F67CBA /* Supporting Files */,
			);
			path = TheMachineTests;
			sourceTree = "<group>";
		};
		20B6EE5F1AB5B79200F67CBA /* Supporting Files */ = {
			isa = PBXGroup;
			children = (
				20B6EE601AB5B79200F67CBA /* Info.plist */,
			);
			name = "Supporting Files";
			sourceTree = "<group>";
		};
/* End PBXGroup section */

/* Begin PBXNativeTarget section */
		20B6EE471AB5B79200F67CBA /* TheMachine */ = {
			isa = PBXNativeTarget;
			buildConfigurationList = 20B6EE651AB5B79300F67CBA /* Build configuration list for PBXNativeTarget "TheMachine" */;
			buildPhases = (
				20B6EE441AB5B79200F67CBA /* Sources */,
				20B6EE451AB5B79200F67CBA /* Frameworks */,
				20B6EE461AB5B79200F67CBA /* Resources */,
			);
			buildRules = (
			);
			dependencies = (
			);
			name = TheMachine;
			productName = TheMachine;
			productReference = 20B6EE481AB5B79200F67CBA /* TheMachine.app */;
			productType = "com.apple.product-type.application";
		};
		20B6EE5A1AB5B79200F67CBA /* TheMachineTests */ = {
			isa = PBXNativeTarget;
			buildConfigurationList = 20B6EE681AB5B79300F67CBA /* Build configuration list for PBXNativeTarget "TheMachineTests" */;
			buildPhases = (
				20B6EE571AB5B79200F67CBA /* Sources */,
				20B6EE581AB5B79200F67CBA /* Frameworks */,
				20B6EE591AB5B79200F67CBA /* Resources */,
			);
			buildRules = (
			);
			dependencies = (
				20B6EE5D1AB5B79200F67CBA /* PBXTargetDependency */,
			);
			name = TheMachineTests;
			productName = TheMachineTests;
			productReference = 20B6EE5B1AB5B79200F67CBA /* TheMachineTests.xctest */;
			productType = "com.apple.product-type.bundle.unit-test";
		};
/* End PBXNativeTarget section */

/* Begin PBXProject section */
		20B6EE401AB5B79200F67CBA /* Project object */ = {
			isa = PBXProject;
			attributes = {
				LastUpgradeCheck = 0610;
				ORGANIZATIONNAME = "世坤冯";
				TargetAttributes = {
					20B6EE471AB5B79200F67CBA = {
						CreatedOnToolsVersion = 6.1.1;
					};
					20B6EE5A1AB5B79200F67CBA = {
						CreatedOnToolsVersion = 6.1.1;
						TestTargetID = 20B6EE471AB5B79200F67CBA;
					};
				};
			};
			buildConfigurationList = 20B6EE431AB5B79200F67CBA /* Build configuration list for PBXProject "TheMachine" */;
			compatibilityVersion = "Xcode 3.2";
			developmentRegion = English;
			hasScannedForEncodings = 0;
			knownRegions = (
				en,
				Base,
			);
			mainGroup = 20B6EE3F1AB5B79200F67CBA;
			productRefGroup = 20B6EE491AB5B79200F67CBA /* Products */;
			projectDirPath = "";
			projectRoot = "";
			targets = (
				20B6EE471AB5B79200F67CBA /* TheMachine */,
				20B6EE5A1AB5B79200F67CBA /* TheMachineTests */,
			);
		};
/* End PBXProject section */

/* Begin PBXResourcesBuildPhase section */
		20B6EE461AB5B79200F67CBA /* Resources */ = {
			isa = PBXResourcesBuildPhase;
			buildActionMask = 2147483647;
			files = (
				20B6EE561AB5B79200F67CBA /* LaunchScreen.xib in Resources */,
				20CA4EB71AC9A6F900C27EE7 /* load@2x.png in Resources */,
				20B6EE531AB5B79200F67CBA /* Images.xcassets in Resources */,
				20B6EE6F1AB5B90500F67CBA /* TMDataViewController.xib in Resources */,
				20CA4EB61AC9A6F900C27EE7 /* fly@2x.png in Resources */,
				20B6EE741AB5CAE700F67CBA /* TMPredictViewController.xib in Resources */,
				20CA4EB81AC9A6F900C27EE7 /* set@2x.png in Resources */,
				20CA4EAC1AC7A4EB00C27EE7 /* ConfigViewController.xib in Resources */,
			);
			runOnlyForDeploymentPostprocessing = 0;
		};
		20B6EE591AB5B79200F67CBA /* Resources */ = {
			isa = PBXResourcesBuildPhase;
			buildActionMask = 2147483647;
			files = (
			);
			runOnlyForDeploymentPostprocessing = 0;
		};
/* End PBXResourcesBuildPhase section */

/* Begin PBXSourcesBuildPhase section */
		20B6EE441AB5B79200F67CBA /* Sources */ = {
			isa = PBXSourcesBuildPhase;
			buildActionMask = 2147483647;
			files = (
				20CA4EAF1AC7C8E100C27EE7 /* NeuralConfig.m in Sources */,
				20B6EE511AB5B79200F67CBA /* AppDelegate.m in Sources */,
				20B6EE4E1AB5B79200F67CBA /* main.m in Sources */,
				20CA4EAB1AC7A4EB00C27EE7 /* ConfigViewController.m in Sources */,
				20B6EE6E1AB5B90500F67CBA /* TMDataViewController.m in Sources */,
				20B6EE731AB5CAE700F67CBA /* TMPredictViewController.m in Sources */,
				20CA4EB21AC83B1F00C27EE7 /* NeuralNetwork.m in Sources */,
			);
			runOnlyForDeploymentPostprocessing = 0;
		};
		20B6EE571AB5B79200F67CBA /* Sources */ = {
			isa = PBXSourcesBuildPhase;
			buildActionMask = 2147483647;
			files = (
				20B6EE621AB5B79300F67CBA /* TheMachineTests.m in Sources */,
			);
			runOnlyForDeploymentPostprocessing = 0;
		};
/* End PBXSourcesBuildPhase section */

/* Begin PBXTargetDependency section */
		20B6EE5D1AB5B79200F67CBA /* PBXTargetDependency */ = {
			isa = PBXTargetDependency;
			target = 20B6EE471AB5B79200F67CBA /* TheMachine */;
			targetProxy = 20B6EE5C1AB5B79200F67CBA /* PBXContainerItemProxy */;
		};
/* End PBXTargetDependency section */

/* Begin PBXVariantGroup section */
		20B6EE541AB5B79200F67CBA /* LaunchScreen.xib */ = {
			isa = PBXVariantGroup;
			children = (
				20B6EE551AB5B79200F67CBA /* Base */,
			);
			name = LaunchScreen.xib;
			sourceTree = "<group>";
		};
/* End PBXVariantGroup section */

/* Begin XCBuildConfiguration section */
		20B6EE631AB5B79300F67CBA /* Debug */ = {
			isa = XCBuildConfiguration;
			buildSettings = {
				ALWAYS_SEARCH_USER_PATHS = NO;
				CLANG_CXX_LANGUAGE_STANDARD = "gnu++0x";
				CLANG_CXX_LIBRARY = "libc++";
				CLANG_ENABLE_MODULES = YES;
				CLANG_ENABLE_OBJC_ARC = YES;
				CLANG_WARN_BOOL_CONVERSION = YES;
				CLANG_WARN_CONSTANT_CONVERSION = YES;
				CLANG_WARN_DIRECT_OBJC_ISA_USAGE = YES_ERROR;
				CLANG_WARN_EMPTY_BODY = YES;
				CLANG_WARN_ENUM_CONVERSION = YES;
				CLANG_WARN_INT_CONVERSION = YES;
				CLANG_WARN_OBJC_ROOT_CLASS = YES_ERROR;
				CLANG_WARN_UNREACHABLE_CODE = YES;
				CLANG_WARN__DUPLICATE_METHOD_MATCH = YES;
				"CODE_SIGN_IDENTITY[sdk=iphoneos*]" = "iPhone Developer";
				COPY_PHASE_STRIP = NO;
				ENABLE_STRICT_OBJC_MSGSEND = YES;
				GCC_C_LANGUAGE_STANDARD = gnu99;
				GCC_DYNAMIC_NO_PIC = NO;
				GCC_OPTIMIZATION_LEVEL = 0;
				GCC_PREPROCESSOR_DEFINITIONS = (
					"DEBUG=1",
					"$(inherited)",
				);
				GCC_SYMBOLS_PRIVATE_EXTERN = NO;
				GCC_WARN_64_TO_32_BIT_CONVERSION = YES;
				GCC_WARN_ABOUT_RETURN_TYPE = YES_ERROR;
				GCC_WARN_UNDECLARED_SELECTOR = YES;
				GCC_WARN_UNINITIALIZED_AUTOS = YES_AGGRESSIVE;
				GCC_WARN_UNUSED_FUNCTION = YES;
				GCC_WARN_UNUSED_VARIABLE = YES;
				IPHONEOS_DEPLOYMENT_TARGET = 8.1;
				MTL_ENABLE_DEBUG_INFO = YES;
				ONLY_ACTIVE_ARCH = YES;
				SDKROOT = iphoneos;
			};
			name = Debug;
		};
		20B6EE641AB5B79300F67CBA /* Release */ = {
			isa = XCBuildConfiguration;
			buildSettings = {
				ALWAYS_SEARCH_USER_PATHS = NO;
				CLANG_CXX_LANGUAGE_STANDARD = "gnu++0x";
				CLANG_CXX_LIBRARY = "libc++";
				CLANG_ENABLE_MODULES = YES;
				CLANG_ENABLE_OBJC_ARC = YES;
				CLANG_WARN_BOOL_CONVERSION = YES;
				CLANG_WARN_CONSTANT_CONVERSION = YES;
				CLANG_WARN_DIRECT_OBJC_ISA_USAGE = YES_ERROR;
				CLANG_WARN_EMPTY_BODY = YES;
				CLANG_WARN_ENUM_CONVERSION = YES;
				CLANG_WARN_INT_CONVERSION = YES;
				CLANG_WARN_OBJC_ROOT_CLASS = YES_ERROR;
				CLANG_WARN_UNREACHABLE_CODE = YES;
				CLANG_WARN__DUPLICATE_METHOD_MATCH = YES;
				"CODE_SIGN_IDENTITY[sdk=iphoneos*]" = "iPhone Developer";
				COPY_PHASE_STRIP = YES;
				ENABLE_NS_ASSERTIONS = NO;
				ENABLE_STRICT_OBJC_MSGSEND = YES;
				GCC_C_LANGUAGE_STANDARD = gnu99;
				GCC_WARN_64_TO_32_BIT_CONVERSION = YES;
				GCC_WARN_ABOUT_RETURN_TYPE = YES_ERROR;
				GCC_WARN_UNDECLARED_SELECTOR = YES;
				GCC_WARN_UNINITIALIZED_AUTOS = YES_AGGRESSIVE;
				GCC_WARN_UNUSED_FUNCTION = YES;
				GCC_WARN_UNUSED_VARIABLE = YES;
				IPHONEOS_DEPLOYMENT_TARGET = 8.1;
				MTL_ENABLE_DEBUG_INFO = NO;
				SDKROOT = iphoneos;
				VALIDATE_PRODUCT = YES;
			};
			name = Release;
		};
		20B6EE661AB5B79300F67CBA /* Debug */ = {
			isa = XCBuildConfiguration;
			buildSettings = {
				ASSETCATALOG_COMPILER_APPICON_NAME = AppIcon;
				INFOPLIST_FILE = TheMachine/Info.plist;
				LD_RUNPATH_SEARCH_PATHS = "$(inherited) @executable_path/Frameworks";
				PRODUCT_NAME = "$(TARGET_NAME)";
			};
			name = Debug;
		};
		20B6EE671AB5B79300F67CBA /* Release */ = {
			isa = XCBuildConfiguration;
			buildSettings = {
				ASSETCATALOG_COMPILER_APPICON_NAME = AppIcon;
				INFOPLIST_FILE = TheMachine/Info.plist;
				LD_RUNPATH_SEARCH_PATHS = "$(inherited) @executable_path/Frameworks";
				PRODUCT_NAME = "$(TARGET_NAME)";
			};
			name = Release;
		};
		20B6EE691AB5B79300F67CBA /* Debug */ = {
			isa = XCBuildConfiguration;
			buildSettings = {
				BUNDLE_LOADER = "$(TEST_HOST)";
				FRAMEWORK_SEARCH_PATHS = (
					"$(SDKROOT)/Developer/Library/Frameworks",
					"$(inherited)",
				);
				GCC_PREPROCESSOR_DEFINITIONS = (
					"DEBUG=1",
					"$(inherited)",
				);
				INFOPLIST_FILE = TheMachineTests/Info.plist;
				LD_RUNPATH_SEARCH_PATHS = "$(inherited) @executable_path/Frameworks @loader_path/Frameworks";
				PRODUCT_NAME = "$(TARGET_NAME)";
				TEST_HOST = "$(BUILT_PRODUCTS_DIR)/TheMachine.app/TheMachine";
			};
			name = Debug;
		};
		20B6EE6A1AB5B79300F67CBA /* Release */ = {
			isa = XCBuildConfiguration;
			buildSettings = {
				BUNDLE_LOADER = "$(TEST_HOST)";
				FRAMEWORK_SEARCH_PATHS = (
					"$(SDKROOT)/Developer/Library/Frameworks",
					"$(inherited)",
				);
				INFOPLIST_FILE = TheMachineTests/Info.plist;
				LD_RUNPATH_SEARCH_PATHS = "$(inherited) @executable_path/Frameworks @loader_path/Frameworks";
				PRODUCT_NAME = "$(TARGET_NAME)";
				TEST_HOST = "$(BUILT_PRODUCTS_DIR)/TheMachine.app/TheMachine";
			};
			name = Release;
		};
/* End XCBuildConfiguration section */

/* Begin XCConfigurationList section */
		20B6EE431AB5B79200F67CBA /* Build configuration list for PBXProject "TheMachine" */ = {
			isa = XCConfigurationList;
			buildConfigurations = (
				20B6EE631AB5B79300F67CBA /* Debug */,
				20B6EE641AB5B79300F67CBA /* Release */,
			);
			defaultConfigurationIsVisible = 0;
			defaultConfigurationName = Release;
		};
		20B6EE651AB5B79300F67CBA /* Build configuration list for PBXNativeTarget "TheMachine" */ = {
			isa = XCConfigurationList;
			buildConfigurations = (
				20B6EE661AB5B79300F67CBA /* Debug */,
				20B6EE671AB5B79300F67CBA /* Release */,
			);
			defaultConfigurationIsVisible = 0;
			defaultConfigurationName = Release;
		};
		20B6EE681AB5B79300F67CBA /* Build configuration list for PBXNativeTarget "TheMachineTests" */ = {
			isa = XCConfigurationList;
			buildConfigurations = (
				20B6EE691AB5B79300F67CBA /* Debug */,
				20B6EE6A1AB5B79300F67CBA /* Release */,
			);
			defaultConfigurationIsVisible = 0;
			defaultConfigurationName = Release;
		};
/* End XCConfigurationList section */
	};
	rootObject = 20B6EE401AB5B79200F67CBA /* Project object */;
}
